
Microsoft Visual Studio Solution File, Format Version 12.00
# Visual Studio Express 15 for Windows Desktop
VisualStudioVersion = 15.0.34112.143
MinimumVisualStudioVersion = 10.0.40219.1
Project("{8BC9CEB8-8B4A-11D0-8D11-00A0C91BC942}") = "1717_집합의_표현", "1717_집합의_표현\1717_집합의_표현.vcxproj", "{320740E8-8952-4521-A499-66B60ACC0832}"
EndProject
Global
	GlobalSection(SolutionConfigurationPlatforms) = preSolution
		Debug|x64 = Debug|x64
		Debug|x86 = Debug|x86
		Release|x64 = Release|x64
		Release|x86 = Release|x86
	EndGlobalSection
	GlobalSection(ProjectConfigurationPlatforms) = postSolution
		{320740E8-8952-4521-A499-66B60ACC0832}.Debug|x64.ActiveCfg = Debug|x64
		{320740E8-8952-4521-A499-66B60ACC0832}.Debug|x64.Build.0 = Debug|x64
		{320740E8-8952-4521-A499-66B60ACC0832}.Debug|x86.ActiveCfg = Debug|Win32
		{320740E8-8952-4521-A499-66B60ACC0832}.Debug|x86.Build.0 = Debug|Win32
		{320740E8-8952-4521-A499-66B60ACC0832}.Release|x64.ActiveCfg = Release|x64
		{320740E8-8952-4521-A499-66B60ACC0832}.Release|x64.Build.0 = Release|x64
		{320740E8-8952-4521-A499-66B60ACC0832}.Release|x86.ActiveCfg = Release|Win32
		{320740E8-8952-4521-A499-66B60ACC0832}.Release|x86.Build.0 = Release|Win32
	EndGlobalSection
	GlobalSection(SolutionProperties) = preSolution
		HideSolutionNode = FALSE
	EndGlobalSection
	GlobalSection(ExtensibilityGlobals) = postSolution
		SolutionGuid = {A03177F4-0AA1-409E-B62B-4474F846EADF}
	EndGlobalSection
EndGlobal
